// !$*UTF8*$!
{
	archiveVersion = 1;
	classes = {
	};
	objectVersion = 56;
	objects = {

/* Begin PBXBuildFile section */
		12B744382BCFACBD0031A533 /* AppDelegate.m in Sources */ = {isa = PBXBuildFile; fileRef = 12B744372BCFACBD0031A533 /* AppDelegate.m */; };
		12B7443B2BCFACBD0031A533 /* SceneDelegate.m in Sources */ = {isa = PBXBuildFile; fileRef = 12B7443A2BCFACBD0031A533 /* SceneDelegate.m */; };
		12B7443E2BCFACBD0031A533 /* TodoViewController.m in Sources */ = {isa = PBXBuildFile; fileRef = 12B7443D2BCFACBD0031A533 /* TodoViewController.m */; };
		12B744412BCFACBD0031A533 /* Main.storyboard in Resources */ = {isa = PBXBuildFile; fileRef = 12B7443F2BCFACBD0031A533 /* Main.storyboard */; };
		12B744432BCFACBE0031A533 /* Assets.xcassets in Resources */ = {isa = PBXBuildFile; fileRef = 12B744422BCFACBE0031A533 /* Assets.xcassets */; };
		12B744462BCFACBE0031A533 /* LaunchScreen.storyboard in Resources */ = {isa = PBXBuildFile; fileRef = 12B744442BCFACBE0031A533 /* LaunchScreen.storyboard */; };
		12B744492BCFACBE0031A533 /* main.m in Sources */ = {isa = PBXBuildFile; fileRef = 12B744482BCFACBE0031A533 /* main.m */; };
		12B744542BCFB1240031A533 /* DoneViewController.m in Sources */ = {isa = PBXBuildFile; fileRef = 12B744532BCFB1230031A533 /* DoneViewController.m */; };
		12B744572BCFB13C0031A533 /* InprogressViewController.m in Sources */ = {isa = PBXBuildFile; fileRef = 12B744562BCFB13C0031A533 /* InprogressViewController.m */; };
		12B7445A2BCFB14F0031A533 /* DetailsTaskViewController.m in Sources */ = {isa = PBXBuildFile; fileRef = 12B744592BCFB14F0031A533 /* DetailsTaskViewController.m */; };
		12B7445D2BCFCE740031A533 /* TaskDetails.m in Sources */ = {isa = PBXBuildFile; fileRef = 12B7445C2BCFCE740031A533 /* TaskDetails.m */; };
/* End PBXBuildFile section */

/* Begin PBXFileReference section */
		12B744332BCFACBD0031A533 /* ToDoProject.app */ = {isa = PBXFileReference; explicitFileType = wrapper.application; includeInIndex = 0; path = ToDoProject.app; sourceTree = BUILT_PRODUCTS_DIR; };
		12B744362BCFACBD0031A533 /* AppDelegate.h */ = {isa = PBXFileReference; lastKnownFileType = sourcecode.c.h; path = AppDelegate.h; sourceTree = "<group>"; };
		12B744372BCFACBD0031A533 /* AppDelegate.m */ = {isa = PBXFileReference; lastKnownFileType = sourcecode.c.objc; path = AppDelegate.m; sourceTree = "<group>"; };
		12B744392BCFACBD0031A533 /* SceneDelegate.h */ = {isa = PBXFileReference; lastKnownFileType = sourcecode.c.h; path = SceneDelegate.h; sourceTree = "<group>"; };
		12B7443A2BCFACBD0031A533 /* SceneDelegate.m */ = {isa = PBXFileReference; lastKnownFileType = sourcecode.c.objc; path = SceneDelegate.m; sourceTree = "<group>"; };
		12B7443C2BCFACBD0031A533 /* TodoViewController.h */ = {isa = PBXFileReference; lastKnownFileType = sourcecode.c.h; path = TodoViewController.h; sourceTree = "<group>"; };
		12B7443D2BCFACBD0031A533 /* TodoViewController.m */ = {isa = PBXFileReference; lastKnownFileType = sourcecode.c.objc; path = TodoViewController.m; sourceTree = "<group>"; };
		12B744402BCFACBD0031A533 /* Base */ = {isa = PBXFileReference; lastKnownFileType = file.storyboard; name = Base; path = Base.lproj/Main.storyboard; sourceTree = "<group>"; };
		12B744422BCFACBE0031A533 /* Assets.xcassets */ = {isa = PBXFileReference; lastKnownFileType = folder.assetcatalog; path = Assets.xcassets; sourceTree = "<group>"; };
		12B744452BCFACBE0031A533 /* Base */ = {isa = PBXFileReference; lastKnownFileType = file.storyboard; name = Base; path = Base.lproj/LaunchScreen.storyboard; sourceTree = "<group>"; };
		12B744472BCFACBE0031A533 /* Info.plist */ = {isa = PBXFileReference; lastKnownFileType = text.plist.xml; path = Info.plist; sourceTree = "<group>"; };
		12B744482BCFACBE0031A533 /* main.m */ = {isa = PBXFileReference; lastKnownFileType = sourcecode.c.objc; path = main.m; sourceTree = "<group>"; };
		12B744522BCFB1230031A533 /* DoneViewController.h */ = {isa = PBXFileReference; lastKnownFileType = sourcecode.c.h; path = DoneViewController.h; sourceTree = "<group>"; };
		12B744532BCFB1230031A533 /* DoneViewController.m */ = {isa = PBXFileReference; lastKnownFileType = sourcecode.c.objc; path = DoneViewController.m; sourceTree = "<group>"; };
		12B744552BCFB13C0031A533 /* InprogressViewController.h */ = {isa = PBXFileReference; lastKnownFileType = sourcecode.c.h; path = InprogressViewController.h; sourceTree = "<group>"; };
		12B744562BCFB13C0031A533 /* InprogressViewController.m */ = {isa = PBXFileReference; lastKnownFileType = sourcecode.c.objc; path = InprogressViewController.m; sourceTree = "<group>"; };
		12B744582BCFB14F0031A533 /* DetailsTaskViewController.h */ = {isa = PBXFileReference; lastKnownFileType = sourcecode.c.h; path = DetailsTaskViewController.h; sourceTree = "<group>"; };
		12B744592BCFB14F0031A533 /* DetailsTaskViewController.m */ = {isa = PBXFileReference; lastKnownFileType = sourcecode.c.objc; path = DetailsTaskViewController.m; sourceTree = "<group>"; };
		12B7445B2BCFCE740031A533 /* TaskDetails.h */ = {isa = PBXFileReference; lastKnownFileType = sourcecode.c.h; path = TaskDetails.h; sourceTree = "<group>"; };
		12B7445C2BCFCE740031A533 /* TaskDetails.m */ = {isa = PBXFileReference; lastKnownFileType = sourcecode.c.objc; path = TaskDetails.m; sourceTree = "<group>"; };
		12B7445E2BCFCFC10031A533 /* DataSend.h */ = {isa = PBXFileReference; lastKnownFileType = sourcecode.c.h; path = DataSend.h; sourceTree = "<group>"; };
/* End PBXFileReference section */

/* Begin PBXFrameworksBuildPhase section */
		12B744302BCFACBD0031A533 /* Frameworks */ = {
			isa = PBXFrameworksBuildPhase;
			buildActionMask = 2147483647;
			files = (
			);
			runOnlyForDeploymentPostprocessing = 0;
		};
/* End PBXFrameworksBuildPhase section */

/* Begin PBXGroup section */
		12B7442A2BCFACBD0031A533 = {
			isa = PBXGroup;
			children = (
				12B744352BCFACBD0031A533 /* ToDoProject */,
				12B744342BCFACBD0031A533 /* Products */,
			);
			sourceTree = "<group>";
		};
		12B744342BCFACBD0031A533 /* Products */ = {
			isa = PBXGroup;
			children = (
				12B744332BCFACBD0031A533 /* ToDoProject.app */,
			);
			name = Products;
			sourceTree = "<group>";
		};
		12B744352BCFACBD0031A533 /* ToDoProject */ = {
			isa = PBXGroup;
			children = (
				12B744362BCFACBD0031A533 /* AppDelegate.h */,
				12B744372BCFACBD0031A533 /* AppDelegate.m */,
				12B744392BCFACBD0031A533 /* SceneDelegate.h */,
				12B7443A2BCFACBD0031A533 /* SceneDelegate.m */,
				12B7443C2BCFACBD0031A533 /* TodoViewController.h */,
				12B7443D2BCFACBD0031A533 /* TodoViewController.m */,
				12B7445B2BCFCE740031A533 /* TaskDetails.h */,
				12B7445C2BCFCE740031A533 /* TaskDetails.m */,
				12B7443F2BCFACBD0031A533 /* Main.storyboard */,
				12B744522BCFB1230031A533 /* DoneViewController.h */,
				12B744532BCFB1230031A533 /* DoneViewController.m */,
				12B744552BCFB13C0031A533 /* InprogressViewController.h */,
				12B744562BCFB13C0031A533 /* InprogressViewController.m */,
				12B744582BCFB14F0031A533 /* DetailsTaskViewController.h */,
				12B7445E2BCFCFC10031A533 /* DataSend.h */,
				12B744592BCFB14F0031A533 /* DetailsTaskViewController.m */,
				12B744422BCFACBE0031A533 /* Assets.xcassets */,
				12B744442BCFACBE0031A533 /* LaunchScreen.storyboard */,
				12B744472BCFACBE0031A533 /* Info.plist */,
				12B744482BCFACBE0031A533 /* main.m */,
			);
			path = ToDoProject;
			sourceTree = "<group>";
		};
/* End PBXGroup section */

/* Begin PBXNativeTarget section */
		12B744322BCFACBD0031A533 /* ToDoProject */ = {
			isa = PBXNativeTarget;
			buildConfigurationList = 12B7444C2BCFACBE0031A533 /* Build configuration list for PBXNativeTarget "ToDoProject" */;
			buildPhases = (
				12B7442F2BCFACBD0031A533 /* Sources */,
				12B744302BCFACBD0031A533 /* Frameworks */,
				12B744312BCFACBD0031A533 /* Resources */,
			);
			buildRules = (
			);
			dependencies = (
			);
			name = ToDoProject;
			productName = ToDoProject;
			productReference = 12B744332BCFACBD0031A533 /* ToDoProject.app */;
			productType = "com.apple.product-type.application";
		};
/* End PBXNativeTarget section */

/* Begin PBXProject section */
		12B7442B2BCFACBD0031A533 /* Project object */ = {
			isa = PBXProject;
			attributes = {
				BuildIndependentTargetsInParallel = 1;
				LastUpgradeCheck = 1510;
				TargetAttributes = {
					12B744322BCFACBD0031A533 = {
						CreatedOnToolsVersion = 15.1;
					};
				};
			};
			buildConfigurationList = 12B7442E2BCFACBD0031A533 /* Build configuration list for PBXProject "ToDoProject" */;
			compatibilityVersion = "Xcode 14.0";
			developmentRegion = en;
			hasScannedForEncodings = 0;
			knownRegions = (
				en,
				Base,
			);
			mainGroup = 12B7442A2BCFACBD0031A533;
			productRefGroup = 12B744342BCFACBD0031A533 /* Products */;
			projectDirPath = "";
			projectRoot = "";
			targets = (
				12B744322BCFACBD0031A533 /* ToDoProject */,
			);
		};
/* End PBXProject section */

/* Begin PBXResourcesBuildPhase section */
		12B744312BCFACBD0031A533 /* Resources */ = {
			isa = PBXResourcesBuildPhase;
			buildActionMask = 2147483647;
			files = (
				12B744462BCFACBE0031A533 /* LaunchScreen.storyboard in Resources */,
				12B744432BCFACBE0031A533 /* Assets.xcassets in Resources */,
				12B744412BCFACBD0031A533 /* Main.storyboard in Resources */,
			);
			runOnlyForDeploymentPostprocessing = 0;
		};
/* End PBXResourcesBuildPhase section */

/* Begin PBXSourcesBuildPhase section */
		12B7442F2BCFACBD0031A533 /* Sources */ = {
			isa = PBXSourcesBuildPhase;
			buildActionMask = 2147483647;
			files = (
				12B744572BCFB13C0031A533 /* InprogressViewController.m in Sources */,
				12B7445D2BCFCE740031A533 /* TaskDetails.m in Sources */,
				12B744542BCFB1240031A533 /* DoneViewController.m in Sources */,
				12B7443E2BCFACBD0031A533 /* TodoViewController.m in Sources */,
				12B744382BCFACBD0031A533 /* AppDelegate.m in Sources */,
				12B744492BCFACBE0031A533 /* main.m in Sources */,
				12B7443B2BCFACBD0031A533 /* SceneDelegate.m in Sources */,
				12B7445A2BCFB14F0031A533 /* DetailsTaskViewController.m in Sources */,
			);
			runOnlyForDeploymentPostprocessing = 0;
		};
/* End PBXSourcesBuildPhase section */

/* Begin PBXVariantGroup section */
		12B7443F2BCFACBD0031A533 /* Main.storyboard */ = {
			isa = PBXVariantGroup;
			children = (
				12B744402BCFACBD0031A533 /* Base */,
			);
			name = Main.storyboard;
			sourceTree = "<group>";
		};
		12B744442BCFACBE0031A533 /* LaunchScreen.storyboard */ = {
			isa = PBXVariantGroup;
			children = (
				12B744452BCFACBE0031A533 /* Base */,
			);
			name = LaunchScreen.storyboard;
			sourceTree = "<group>";
		};
/* End PBXVariantGroup section */

/* Begin XCBuildConfiguration section */
		12B7444A2BCFACBE0031A533 /* Debug */ = {
			isa = XCBuildConfiguration;
			buildSettings = {
				ALWAYS_SEARCH_USER_PATHS = NO;
				ASSETCATALOG_COMPILER_GENERATE_SWIFT_ASSET_SYMBOL_EXTENSIONS = YES;
				CLANG_ANALYZER_NONNULL = YES;
				CLANG_ANALYZER_NUMBER_OBJECT_CONVERSION = YES_AGGRESSIVE;
				CLANG_CXX_LANGUAGE_STANDARD = "gnu++20";
				CLANG_ENABLE_MODULES = YES;
				CLANG_ENABLE_OBJC_ARC = YES;
				CLANG_ENABLE_OBJC_WEAK = YES;
				CLANG_WARN_BLOCK_CAPTURE_AUTORELEASING = YES;
				CLANG_WARN_BOOL_CONVERSION = YES;
				CLANG_WARN_COMMA = YES;
				CLANG_WARN_CONSTANT_CONVERSION = YES;
				CLANG_WARN_DEPRECATED_OBJC_IMPLEMENTATIONS = YES;
				CLANG_WARN_DIRECT_OBJC_ISA_USAGE = YES_ERROR;
				CLANG_WARN_DOCUMENTATION_COMMENTS = YES;
				CLANG_WARN_EMPTY_BODY = YES;
				CLANG_WARN_ENUM_CONVERSION = YES;
				CLANG_WARN_INFINITE_RECURSION = YES;
				CLANG_WARN_INT_CONVERSION = YES;
				CLANG_WARN_NON_LITERAL_NULL_CONVERSION = YES;
				CLANG_WARN_OBJC_IMPLICIT_RETAIN_SELF = YES;
				CLANG_WARN_OBJC_LITERAL_CONVERSION = YES;
				CLANG_WARN_OBJC_ROOT_CLASS = YES_ERROR;
				CLANG_WARN_QUOTED_INCLUDE_IN_FRAMEWORK_HEADER = YES;
				CLANG_WARN_RANGE_LOOP_ANALYSIS = YES;
				CLANG_WARN_STRICT_PROTOTYPES = YES;
				CLANG_WARN_SUSPICIOUS_MOVE = YES;
				CLANG_WARN_UNGUARDED_AVAILABILITY = YES_AGGRESSIVE;
				CLANG_WARN_UNREACHABLE_CODE = YES;
				CLANG_WARN__DUPLICATE_METHOD_MATCH = YES;
				COPY_PHASE_STRIP = NO;
				DEBUG_INFORMATION_FORMAT = dwarf;
				ENABLE_STRICT_OBJC_MSGSEND = YES;
				ENABLE_TESTABILITY = YES;
				ENABLE_USER_SCRIPT_SANDBOXING = YES;
				GCC_C_LANGUAGE_STANDARD = gnu17;
				GCC_DYNAMIC_NO_PIC = NO;
				GCC_NO_COMMON_BLOCKS = YES;
				GCC_OPTIMIZATION_LEVEL = 0;
				GCC_PREPROCESSOR_DEFINITIONS = (
					"DEBUG=1",
					"$(inherited)",
				);
				GCC_WARN_64_TO_32_BIT_CONVERSION = YES;
				GCC_WARN_ABOUT_RETURN_TYPE = YES_ERROR;
				GCC_WARN_UNDECLARED_SELECTOR = YES;
				GCC_WARN_UNINITIALIZED_AUTOS = YES_AGGRESSIVE;
				GCC_WARN_UNUSED_FUNCTION = YES;
				GCC_WARN_UNUSED_VARIABLE = YES;
				IPHONEOS_DEPLOYMENT_TARGET = 17.2;
				LOCALIZATION_PREFERS_STRING_CATALOGS = YES;
				MTL_ENABLE_DEBUG_INFO = INCLUDE_SOURCE;
				MTL_FAST_MATH = YES;
				ONLY_ACTIVE_ARCH = YES;
				SDKROOT = iphoneos;
			};
			name = Debug;
		};
		12B7444B2BCFACBE0031A533 /* Release */ = {
			isa = XCBuildConfiguration;
			buildSettings = {
				ALWAYS_SEARCH_USER_PATHS = NO;
				ASSETCATALOG_COMPILER_GENERATE_SWIFT_ASSET_SYMBOL_EXTENSIONS = YES;
				CLANG_ANALYZER_NONNULL = YES;
				CLANG_ANALYZER_NUMBER_OBJECT_CONVERSION = YES_AGGRESSIVE;
				CLANG_CXX_LANGUAGE_STANDARD = "gnu++20";
				CLANG_ENABLE_MODULES = YES;
				CLANG_ENABLE_OBJC_ARC = YES;
				CLANG_ENABLE_OBJC_WEAK = YES;
				CLANG_WARN_BLOCK_CAPTURE_AUTORELEASING = YES;
				CLANG_WARN_BOOL_CONVERSION = YES;
				CLANG_WARN_COMMA = YES;
				CLANG_WARN_CONSTANT_CONVERSION = YES;
				CLANG_WARN_DEPRECATED_OBJC_IMPLEMENTATIONS = YES;
				CLANG_WARN_DIRECT_OBJC_ISA_USAGE = YES_ERROR;
				CLANG_WARN_DOCUMENTATION_COMMENTS = YES;
				CLANG_WARN_EMPTY_BODY = YES;
				CLANG_WARN_ENUM_CONVERSION = YES;
				CLANG_WARN_INFINITE_RECURSION = YES;
				CLANG_WARN_INT_CONVERSION = YES;
				CLANG_WARN_NON_LITERAL_NULL_CONVERSION = YES;
				CLANG_WARN_OBJC_IMPLICIT_RETAIN_SELF = YES;
				CLANG_WARN_OBJC_LITERAL_CONVERSION = YES;
				CLANG_WARN_OBJC_ROOT_CLASS = YES_ERROR;
				CLANG_WARN_QUOTED_INCLUDE_IN_FRAMEWORK_HEADER = YES;
				CLANG_WARN_RANGE_LOOP_ANALYSIS = YES;
				CLANG_WARN_STRICT_PROTOTYPES = YES;
				CLANG_WARN_SUSPICIOUS_MOVE = YES;
				CLANG_WARN_UNGUARDED_AVAILABILITY = YES_AGGRESSIVE;
				CLANG_WARN_UNREACHABLE_CODE = YES;
				CLANG_WARN__DUPLICATE_METHOD_MATCH = YES;
				COPY_PHASE_STRIP = NO;
				DEBUG_INFORMATION_FORMAT = "dwarf-with-dsym";
				ENABLE_NS_ASSERTIONS = NO;
				ENABLE_STRICT_OBJC_MSGSEND = YES;
				ENABLE_USER_SCRIPT_SANDBOXING = YES;
				GCC_C_LANGUAGE_STANDARD = gnu17;
				GCC_NO_COMMON_BLOCKS = YES;
				GCC_WARN_64_TO_32_BIT_CONVERSION = YES;
				GCC_WARN_ABOUT_RETURN_TYPE = YES_ERROR;
				GCC_WARN_UNDECLARED_SELECTOR = YES;
				GCC_WARN_UNINITIALIZED_AUTOS = YES_AGGRESSIVE;
				GCC_WARN_UNUSED_FUNCTION = YES;
				GCC_WARN_UNUSED_VARIABLE = YES;
				IPHONEOS_DEPLOYMENT_TARGET = 17.2;
				LOCALIZATION_PREFERS_STRING_CATALOGS = YES;
				MTL_ENABLE_DEBUG_INFO = NO;
				MTL_FAST_MATH = YES;
				SDKROOT = iphoneos;
				VALIDATE_PRODUCT = YES;
			};
			name = Release;
		};
		12B7444D2BCFACBE0031A533 /* Debug */ = {
			isa = XCBuildConfiguration;
			buildSettings = {
				ASSETCATALOG_COMPILER_APPICON_NAME = AppIcon;
				ASSETCATALOG_COMPILER_GLOBAL_ACCENT_COLOR_NAME = AccentColor;
				CODE_SIGN_STYLE = Automatic;
				CURRENT_PROJECT_VERSION = 1;
				GENERATE_INFOPLIST_FILE = YES;
				INFOPLIST_FILE = ToDoProject/Info.plist;
				INFOPLIST_KEY_UIApplicationSupportsIndirectInputEvents = YES;
				INFOPLIST_KEY_UILaunchStoryboardName = LaunchScreen;
				INFOPLIST_KEY_UIMainStoryboardFile = Main;
				INFOPLIST_KEY_UISupportedInterfaceOrientations_iPad = "UIInterfaceOrientationPortrait UIInterfaceOrientationPortraitUpsideDown UIInterfaceOrientationLandscapeLeft UIInterfaceOrientationLandscapeRight";
				INFOPLIST_KEY_UISupportedInterfaceOrientations_iPhone = "UIInterfaceOrientationPortrait UIInterfaceOrientationLandscapeLeft UIInterfaceOrientationLandscapeRight";
				LD_RUNPATH_SEARCH_PATHS = (
					"$(inherited)",
					"@executable_path/Frameworks",
				);
				MARKETING_VERSION = 1.0;
				PRODUCT_BUNDLE_IDENTIFIER = iti.ToDoProject;
				PRODUCT_NAME = "$(TARGET_NAME)";
				SWIFT_EMIT_LOC_STRINGS = YES;
				TARGETED_DEVICE_FAMILY = "1,2";
			};
			name = Debug;
		};
		12B7444E2BCFACBE0031A533 /* Release */ = {
			isa = XCBuildConfiguration;
			buildSettings = {
				ASSETCATALOG_COMPILER_APPICON_NAME = AppIcon;
				ASSETCATALOG_COMPILER_GLOBAL_ACCENT_COLOR_NAME = AccentColor;
				CODE_SIGN_STYLE = Automatic;
				CURRENT_PROJECT_VERSION = 1;
				GENERATE_INFOPLIST_FILE = YES;
				INFOPLIST_FILE = ToDoProject/Info.plist;
				INFOPLIST_KEY_UIApplicationSupportsIndirectInputEvents = YES;
				INFOPLIST_KEY_UILaunchStoryboardName = LaunchScreen;
				INFOPLIST_KEY_UIMainStoryboardFile = Main;
				INFOPLIST_KEY_UISupportedInterfaceOrientations_iPad = "UIInterfaceOrientationPortrait UIInterfaceOrientationPortraitUpsideDown UIInterfaceOrientationLandscapeLeft UIInterfaceOrientationLandscapeRight";
				INFOPLIST_KEY_UISupportedInterfaceOrientations_iPhone = "UIInterfaceOrientationPortrait UIInterfaceOrientationLandscapeLeft UIInterfaceOrientationLandscapeRight";
				LD_RUNPATH_SEARCH_PATHS = (
					"$(inherited)",
					"@executable_path/Frameworks",
				);
				MARKETING_VERSION = 1.0;
				PRODUCT_BUNDLE_IDENTIFIER = iti.ToDoProject;
				PRODUCT_NAME = "$(TARGET_NAME)";
				SWIFT_EMIT_LOC_STRINGS = YES;
				TARGETED_DEVICE_FAMILY = "1,2";
			};
			name = Release;
		};
/* End XCBuildConfiguration section */

/* Begin XCConfigurationList section */
		12B7442E2BCFACBD0031A533 /* Build configuration list for PBXProject "ToDoProject" */ = {
			isa = XCConfigurationList;
			buildConfigurations = (
				12B7444A2BCFACBE0031A533 /* Debug */,
				12B7444B2BCFACBE0031A533 /* Release */,
			);
			defaultConfigurationIsVisible = 0;
			defaultConfigurationName = Release;
		};
		12B7444C2BCFACBE0031A533 /* Build configuration list for PBXNativeTarget "ToDoProject" */ = {
			isa = XCConfigurationList;
			buildConfigurations = (
				12B7444D2BCFACBE0031A533 /* Debug */,
				12B7444E2BCFACBE0031A533 /* Release */,
			);
			defaultConfigurationIsVisible = 0;
			defaultConfigurationName = Release;
		};
/* End XCConfigurationList section */
	};
	rootObject = 12B7442B2BCFACBD0031A533 /* Project object */;
}
